
Microsoft Visual Studio Solution File, Format Version 12.00
# Visual Studio Version 17
VisualStudioVersion = 17.14.36511.14 d17.14
MinimumVisualStudioVersion = 10.0.40219.1
Project("{FAE04EC0-301F-11D3-BF4B-00C04F79EFBC}") = "NutriApi.API", "NutriApi.API\NutriApi.API.csproj", "{0B7DFC86-A560-464C-868A-0F02B301FEFB}"
EndProject
Project("{FAE04EC0-301F-11D3-BF4B-00C04F79EFBC}") = "NutriApi.Business", "NutriApi.Business\NutriApi.Business.csproj", "{ADE24001-C461-4DEA-8CC4-B06BCF62F733}"
EndProject
Project("{FAE04EC0-301F-11D3-BF4B-00C04F79EFBC}") = "NutriApi.DataAccess", "NutriApi.DataAccess\NutriApi.DataAccess.csproj", "{38995267-2BC9-4259-89D7-31DBD6314E3D}"
EndProject
Global
	GlobalSection(SolutionConfigurationPlatforms) = preSolution
		Debug|Any CPU = Debug|Any CPU
		Release|Any CPU = Release|Any CPU
	EndGlobalSection
	GlobalSection(ProjectConfigurationPlatforms) = postSolution
		{0B7DFC86-A560-464C-868A-0F02B301FEFB}.Debug|Any CPU.ActiveCfg = Debug|Any CPU
		{0B7DFC86-A560-464C-868A-0F02B301FEFB}.Debug|Any CPU.Build.0 = Debug|Any CPU
		{0B7DFC86-A560-464C-868A-0F02B301FEFB}.Release|Any CPU.ActiveCfg = Release|Any CPU
		{0B7DFC86-A560-464C-868A-0F02B301FEFB}.Release|Any CPU.Build.0 = Release|Any CPU
		{ADE24001-C461-4DEA-8CC4-B06BCF62F733}.Debug|Any CPU.ActiveCfg = Debug|Any CPU
		{ADE24001-C461-4DEA-8CC4-B06BCF62F733}.Debug|Any CPU.Build.0 = Debug|Any CPU
		{ADE24001-C461-4DEA-8CC4-B06BCF62F733}.Release|Any CPU.ActiveCfg = Release|Any CPU
		{ADE24001-C461-4DEA-8CC4-B06BCF62F733}.Release|Any CPU.Build.0 = Release|Any CPU
		{38995267-2BC9-4259-89D7-31DBD6314E3D}.Debug|Any CPU.ActiveCfg = Debug|Any CPU
		{38995267-2BC9-4259-89D7-31DBD6314E3D}.Debug|Any CPU.Build.0 = Debug|Any CPU
		{38995267-2BC9-4259-89D7-31DBD6314E3D}.Release|Any CPU.ActiveCfg = Release|Any CPU
		{38995267-2BC9-4259-89D7-31DBD6314E3D}.Release|Any CPU.Build.0 = Release|Any CPU
	EndGlobalSection
	GlobalSection(SolutionProperties) = preSolution
		HideSolutionNode = FALSE
	EndGlobalSection
	GlobalSection(ExtensibilityGlobals) = postSolution
		SolutionGuid = {03D81768-FA06-4B14-AD39-52074F401E72}
	EndGlobalSection
EndGlobal
